
Microsoft Visual Studio Solution File, Format Version 12.00
# Visual Studio Version 18
VisualStudioVersion = 18.4.11612.150 stable
MinimumVisualStudioVersion = 10.0.40219.1
Project("{FAE04EC0-301F-11D3-BF4B-00C04F79EFBC}") = "Ex03.GarageLogic", "Ex03.GarageLogic\Ex03.GarageLogic.csproj", "{4D548199-B0E6-4E86-BF87-9170DA86982D}"
EndProject
Project("{FAE04EC0-301F-11D3-BF4B-00C04F79EFBC}") = "Ex03.ConsoleUI", "Ex03.ConsoleUI\Ex03.ConsoleUI.csproj", "{23B9B048-6823-4B56-B122-0B5779516164}"
EndProject
Global
	GlobalSection(SolutionConfigurationPlatforms) = preSolution
		Debug|Any CPU = Debug|Any CPU
		Release|Any CPU = Release|Any CPU
	EndGlobalSection
	GlobalSection(ProjectConfigurationPlatforms) = postSolution
		{4D548199-B0E6-4E86-BF87-9170DA86982D}.Debug|Any CPU.ActiveCfg = Debug|Any CPU
		{4D548199-B0E6-4E86-BF87-9170DA86982D}.Debug|Any CPU.Build.0 = Debug|Any CPU
		{4D548199-B0E6-4E86-BF87-9170DA86982D}.Release|Any CPU.ActiveCfg = Release|Any CPU
		{4D548199-B0E6-4E86-BF87-9170DA86982D}.Release|Any CPU.Build.0 = Release|Any CPU
		{23B9B048-6823-4B56-B122-0B5779516164}.Debug|Any CPU.ActiveCfg = Debug|Any CPU
		{23B9B048-6823-4B56-B122-0B5779516164}.Debug|Any CPU.Build.0 = Debug|Any CPU
		{23B9B048-6823-4B56-B122-0B5779516164}.Release|Any CPU.ActiveCfg = Release|Any CPU
		{23B9B048-6823-4B56-B122-0B5779516164}.Release|Any CPU.Build.0 = Release|Any CPU
	EndGlobalSection
	GlobalSection(SolutionProperties) = preSolution
		HideSolutionNode = FALSE
	EndGlobalSection
	GlobalSection(ExtensibilityGlobals) = postSolution
		SolutionGuid = {0045718D-7EA8-4934-AC1E-383A885F14F0}
	EndGlobalSection
EndGlobal
